
Microsoft Visual Studio Solution File, Format Version 12.00
# Visual Studio Version 17
VisualStudioVersion = 17.5.002.0
MinimumVisualStudioVersion = 10.0.40219.1
Project("{2150E333-8FDC-42A3-9474-1A3956D46DE8}") = "Lesson1", "Lesson1", "{FD8A3972-FB9E-4969-A8D5-6AFBC6273FDD}"
EndProject
Project("{9A19103F-16F7-4668-BE54-9A1E7A4F7556}") = "Task1", "Lesson1\Task1\Task1.csproj", "{FCC275BE-8EB9-4189-814C-6FAF67297235}"
EndProject
Global
	GlobalSection(SolutionConfigurationPlatforms) = preSolution
		Debug|Any CPU = Debug|Any CPU
		Release|Any CPU = Release|Any CPU
	EndGlobalSection
	GlobalSection(ProjectConfigurationPlatforms) = postSolution
		{FCC275BE-8EB9-4189-814C-6FAF67297235}.Debug|Any CPU.ActiveCfg = Debug|Any CPU
		{FCC275BE-8EB9-4189-814C-6FAF67297235}.Debug|Any CPU.Build.0 = Debug|Any CPU
		{FCC275BE-8EB9-4189-814C-6FAF67297235}.Release|Any CPU.ActiveCfg = Release|Any CPU
		{FCC275BE-8EB9-4189-814C-6FAF67297235}.Release|Any CPU.Build.0 = Release|Any CPU
	EndGlobalSection
	GlobalSection(SolutionProperties) = preSolution
		HideSolutionNode = FALSE
	EndGlobalSection
	GlobalSection(NestedProjects) = preSolution
		{FCC275BE-8EB9-4189-814C-6FAF67297235} = {FD8A3972-FB9E-4969-A8D5-6AFBC6273FDD}
	EndGlobalSection
	GlobalSection(ExtensibilityGlobals) = postSolution
		SolutionGuid = {C51C769B-826E-43AB-B7AF-6F1B2C5ABA55}
	EndGlobalSection
EndGlobal
